
Microsoft Visual Studio Solution File, Format Version 12.00
# Visual Studio Version 16
VisualStudioVersion = 16.0.31702.278
MinimumVisualStudioVersion = 10.0.40219.1
Project("{FAE04EC0-301F-11D3-BF4B-00C04F79EFBC}") = "MVCToDoList", "MVCToDoList\MVCToDoList.csproj", "{B403E0FC-62BC-4BB7-A24B-5CB95CAE2C66}"
EndProject
Global
	GlobalSection(SolutionConfigurationPlatforms) = preSolution
		Debug|Any CPU = Debug|Any CPU
		Release|Any CPU = Release|Any CPU
	EndGlobalSection
	GlobalSection(ProjectConfigurationPlatforms) = postSolution
		{B403E0FC-62BC-4BB7-A24B-5CB95CAE2C66}.Debug|Any CPU.ActiveCfg = Debug|Any CPU
		{B403E0FC-62BC-4BB7-A24B-5CB95CAE2C66}.Debug|Any CPU.Build.0 = Debug|Any CPU
		{B403E0FC-62BC-4BB7-A24B-5CB95CAE2C66}.Release|Any CPU.ActiveCfg = Release|Any CPU
		{B403E0FC-62BC-4BB7-A24B-5CB95CAE2C66}.Release|Any CPU.Build.0 = Release|Any CPU
	EndGlobalSection
	GlobalSection(SolutionProperties) = preSolution
		HideSolutionNode = FALSE
	EndGlobalSection
	GlobalSection(ExtensibilityGlobals) = postSolution
		SolutionGuid = {9457E786-7C3E-4FC4-923B-E1D2E9A01793}
	EndGlobalSection
EndGlobal
